// !$*UTF8*$!
{
	archiveVersion = 1;
	classes = {
	};
	objectVersion = 56;
	objects = {

/* Begin PBXBuildFile section */
		DCC39F252BFCA8A300A27142 /* AppDelegate.swift in Sources */ = {isa = PBXBuildFile; fileRef = DCC39F242BFCA8A300A27142 /* AppDelegate.swift */; };
		DCC39F272BFCA8A300A27142 /* SceneDelegate.swift in Sources */ = {isa = PBXBuildFile; fileRef = DCC39F262BFCA8A300A27142 /* SceneDelegate.swift */; };
		DCC39F2C2BFCA8A300A27142 /* Main.storyboard in Resources */ = {isa = PBXBuildFile; fileRef = DCC39F2A2BFCA8A300A27142 /* Main.storyboard */; };
		DCC39F2E2BFCA8A500A27142 /* Assets.xcassets in Resources */ = {isa = PBXBuildFile; fileRef = DCC39F2D2BFCA8A500A27142 /* Assets.xcassets */; };
		DCC39F312BFCA8A500A27142 /* LaunchScreen.storyboard in Resources */ = {isa = PBXBuildFile; fileRef = DCC39F2F2BFCA8A500A27142 /* LaunchScreen.storyboard */; };
		DCC39F3B2BFCAA5700A27142 /* ImageCollectionViewCell.swift in Sources */ = {isa = PBXBuildFile; fileRef = DCC39F3A2BFCAA5700A27142 /* ImageCollectionViewCell.swift */; };
		DCC39F3D2BFCB48D00A27142 /* ImageModel.swift in Sources */ = {isa = PBXBuildFile; fileRef = DCC39F3C2BFCB48D00A27142 /* ImageModel.swift */; };
		DCC39F3F2BFCB4AA00A27142 /* ImageManager.swift in Sources */ = {isa = PBXBuildFile; fileRef = DCC39F3E2BFCB4AA00A27142 /* ImageManager.swift */; };
		DCC39F422BFCB5FA00A27142 /* SDWebImage in Frameworks */ = {isa = PBXBuildFile; productRef = DCC39F412BFCB5FA00A27142 /* SDWebImage */; };
		DCC39F442BFCB5FA00A27142 /* SDWebImageMapKit in Frameworks */ = {isa = PBXBuildFile; productRef = DCC39F432BFCB5FA00A27142 /* SDWebImageMapKit */; };
		DCC39F462BFCB6F600A27142 /* ImageDetailViewController.swift in Sources */ = {isa = PBXBuildFile; fileRef = DCC39F452BFCB6F600A27142 /* ImageDetailViewController.swift */; };
		DCC39F482BFCCE7900A27142 /* ImagesViewController.swift in Sources */ = {isa = PBXBuildFile; fileRef = DCC39F472BFCCE7900A27142 /* ImagesViewController.swift */; };
/* End PBXBuildFile section */

/* Begin PBXFileReference section */
		DCC39F212BFCA8A300A27142 /* Images App.app */ = {isa = PBXFileReference; explicitFileType = wrapper.application; includeInIndex = 0; path = "Images App.app"; sourceTree = BUILT_PRODUCTS_DIR; };
		DCC39F242BFCA8A300A27142 /* AppDelegate.swift */ = {isa = PBXFileReference; lastKnownFileType = sourcecode.swift; path = AppDelegate.swift; sourceTree = "<group>"; };
		DCC39F262BFCA8A300A27142 /* SceneDelegate.swift */ = {isa = PBXFileReference; lastKnownFileType = sourcecode.swift; path = SceneDelegate.swift; sourceTree = "<group>"; };
		DCC39F2B2BFCA8A300A27142 /* Base */ = {isa = PBXFileReference; lastKnownFileType = file.storyboard; name = Base; path = Base.lproj/Main.storyboard; sourceTree = "<group>"; };
		DCC39F2D2BFCA8A500A27142 /* Assets.xcassets */ = {isa = PBXFileReference; lastKnownFileType = folder.assetcatalog; path = Assets.xcassets; sourceTree = "<group>"; };
		DCC39F302BFCA8A500A27142 /* Base */ = {isa = PBXFileReference; lastKnownFileType = file.storyboard; name = Base; path = Base.lproj/LaunchScreen.storyboard; sourceTree = "<group>"; };
		DCC39F322BFCA8A500A27142 /* Info.plist */ = {isa = PBXFileReference; lastKnownFileType = text.plist.xml; path = Info.plist; sourceTree = "<group>"; };
		DCC39F3A2BFCAA5700A27142 /* ImageCollectionViewCell.swift */ = {isa = PBXFileReference; lastKnownFileType = sourcecode.swift; name = ImageCollectionViewCell.swift; path = ../ImageCollectionViewCell.swift; sourceTree = "<group>"; };
		DCC39F3C2BFCB48D00A27142 /* ImageModel.swift */ = {isa = PBXFileReference; lastKnownFileType = sourcecode.swift; path = ImageModel.swift; sourceTree = "<group>"; };
		DCC39F3E2BFCB4AA00A27142 /* ImageManager.swift */ = {isa = PBXFileReference; lastKnownFileType = sourcecode.swift; path = ImageManager.swift; sourceTree = "<group>"; };
		DCC39F452BFCB6F600A27142 /* ImageDetailViewController.swift */ = {isa = PBXFileReference; lastKnownFileType = sourcecode.swift; name = ImageDetailViewController.swift; path = ../ImageDetailViewController.swift; sourceTree = "<group>"; };
		DCC39F472BFCCE7900A27142 /* ImagesViewController.swift */ = {isa = PBXFileReference; lastKnownFileType = sourcecode.swift; path = ImagesViewController.swift; sourceTree = "<group>"; };
/* End PBXFileReference section */

/* Begin PBXFrameworksBuildPhase section */
		DCC39F1E2BFCA8A300A27142 /* Frameworks */ = {
			isa = PBXFrameworksBuildPhase;
			buildActionMask = 2147483647;
			files = (
				DCC39F442BFCB5FA00A27142 /* SDWebImageMapKit in Frameworks */,
				DCC39F422BFCB5FA00A27142 /* SDWebImage in Frameworks */,
			);
			runOnlyForDeploymentPostprocessing = 0;
		};
/* End PBXFrameworksBuildPhase section */

/* Begin PBXGroup section */
		DCC39F182BFCA8A300A27142 = {
			isa = PBXGroup;
			children = (
				DCC39F232BFCA8A300A27142 /* Images App */,
				DCC39F222BFCA8A300A27142 /* Products */,
			);
			sourceTree = "<group>";
		};
		DCC39F222BFCA8A300A27142 /* Products */ = {
			isa = PBXGroup;
			children = (
				DCC39F212BFCA8A300A27142 /* Images App.app */,
			);
			name = Products;
			sourceTree = "<group>";
		};
		DCC39F232BFCA8A300A27142 /* Images App */ = {
			isa = PBXGroup;
			children = (
				DCE37E492BFDF752009C5556 /* Network */,
				DCE37E482BFDF74C009C5556 /* Models */,
				DCE37E472BFDF73B009C5556 /* Supporting files */,
				DCC39F492BFCCFA000A27142 /* VIew Controller */,
				DCC39F4A2BFDF61F00A27142 /* Cells */,
				DCC39F322BFCA8A500A27142 /* Info.plist */,
			);
			path = "Images App";
			sourceTree = "<group>";
		};
		DCC39F492BFCCFA000A27142 /* VIew Controller */ = {
			isa = PBXGroup;
			children = (
				DCC39F2A2BFCA8A300A27142 /* Main.storyboard */,
				DCC39F472BFCCE7900A27142 /* ImagesViewController.swift */,
				DCC39F452BFCB6F600A27142 /* ImageDetailViewController.swift */,
			);
			path = "VIew Controller";
			sourceTree = "<group>";
		};
		DCC39F4A2BFDF61F00A27142 /* Cells */ = {
			isa = PBXGroup;
			children = (
				DCC39F3A2BFCAA5700A27142 /* ImageCollectionViewCell.swift */,
			);
			path = Cells;
			sourceTree = "<group>";
		};
		DCE37E472BFDF73B009C5556 /* Supporting files */ = {
			isa = PBXGroup;
			children = (
				DCC39F242BFCA8A300A27142 /* AppDelegate.swift */,
				DCC39F262BFCA8A300A27142 /* SceneDelegate.swift */,
				DCC39F2D2BFCA8A500A27142 /* Assets.xcassets */,
				DCC39F2F2BFCA8A500A27142 /* LaunchScreen.storyboard */,
			);
			path = "Supporting files";
			sourceTree = "<group>";
		};
		DCE37E482BFDF74C009C5556 /* Models */ = {
			isa = PBXGroup;
			children = (
				DCC39F3C2BFCB48D00A27142 /* ImageModel.swift */,
			);
			path = Models;
			sourceTree = "<group>";
		};
		DCE37E492BFDF752009C5556 /* Network */ = {
			isa = PBXGroup;
			children = (
				DCC39F3E2BFCB4AA00A27142 /* ImageManager.swift */,
			);
			path = Network;
			sourceTree = "<group>";
		};
/* End PBXGroup section */

/* Begin PBXNativeTarget section */
		DCC39F202BFCA8A300A27142 /* Images App */ = {
			isa = PBXNativeTarget;
			buildConfigurationList = DCC39F352BFCA8A500A27142 /* Build configuration list for PBXNativeTarget "Images App" */;
			buildPhases = (
				DCC39F1D2BFCA8A300A27142 /* Sources */,
				DCC39F1E2BFCA8A300A27142 /* Frameworks */,
				DCC39F1F2BFCA8A300A27142 /* Resources */,
			);
			buildRules = (
			);
			dependencies = (
			);
			name = "Images App";
			packageProductDependencies = (
				DCC39F412BFCB5FA00A27142 /* SDWebImage */,
				DCC39F432BFCB5FA00A27142 /* SDWebImageMapKit */,
			);
			productName = "Images App";
			productReference = DCC39F212BFCA8A300A27142 /* Images App.app */;
			productType = "com.apple.product-type.application";
		};
/* End PBXNativeTarget section */

/* Begin PBXProject section */
		DCC39F192BFCA8A300A27142 /* Project object */ = {
			isa = PBXProject;
			attributes = {
				BuildIndependentTargetsInParallel = 1;
				LastSwiftUpdateCheck = 1500;
				LastUpgradeCheck = 1500;
				TargetAttributes = {
					DCC39F202BFCA8A300A27142 = {
						CreatedOnToolsVersion = 15.0.1;
					};
				};
			};
			buildConfigurationList = DCC39F1C2BFCA8A300A27142 /* Build configuration list for PBXProject "Images App" */;
			compatibilityVersion = "Xcode 14.0";
			developmentRegion = en;
			hasScannedForEncodings = 0;
			knownRegions = (
				en,
				Base,
			);
			mainGroup = DCC39F182BFCA8A300A27142;
			packageReferences = (
				DCC39F402BFCB5FA00A27142 /* XCRemoteSwiftPackageReference "SDWebImage" */,
			);
			productRefGroup = DCC39F222BFCA8A300A27142 /* Products */;
			projectDirPath = "";
			projectRoot = "";
			targets = (
				DCC39F202BFCA8A300A27142 /* Images App */,
			);
		};
/* End PBXProject section */

/* Begin PBXResourcesBuildPhase section */
		DCC39F1F2BFCA8A300A27142 /* Resources */ = {
			isa = PBXResourcesBuildPhase;
			buildActionMask = 2147483647;
			files = (
				DCC39F312BFCA8A500A27142 /* LaunchScreen.storyboard in Resources */,
				DCC39F2E2BFCA8A500A27142 /* Assets.xcassets in Resources */,
				DCC39F2C2BFCA8A300A27142 /* Main.storyboard in Resources */,
			);
			runOnlyForDeploymentPostprocessing = 0;
		};
/* End PBXResourcesBuildPhase section */

/* Begin PBXSourcesBuildPhase section */
		DCC39F1D2BFCA8A300A27142 /* Sources */ = {
			isa = PBXSourcesBuildPhase;
			buildActionMask = 2147483647;
			files = (
				DCC39F252BFCA8A300A27142 /* AppDelegate.swift in Sources */,
				DCC39F3D2BFCB48D00A27142 /* ImageModel.swift in Sources */,
				DCC39F482BFCCE7900A27142 /* ImagesViewController.swift in Sources */,
				DCC39F462BFCB6F600A27142 /* ImageDetailViewController.swift in Sources */,
				DCC39F3F2BFCB4AA00A27142 /* ImageManager.swift in Sources */,
				DCC39F3B2BFCAA5700A27142 /* ImageCollectionViewCell.swift in Sources */,
				DCC39F272BFCA8A300A27142 /* SceneDelegate.swift in Sources */,
			);
			runOnlyForDeploymentPostprocessing = 0;
		};
/* End PBXSourcesBuildPhase section */

/* Begin PBXVariantGroup section */
		DCC39F2A2BFCA8A300A27142 /* Main.storyboard */ = {
			isa = PBXVariantGroup;
			children = (
				DCC39F2B2BFCA8A300A27142 /* Base */,
			);
			name = Main.storyboard;
			sourceTree = "<group>";
		};
		DCC39F2F2BFCA8A500A27142 /* LaunchScreen.storyboard */ = {
			isa = PBXVariantGroup;
			children = (
				DCC39F302BFCA8A500A27142 /* Base */,
			);
			name = LaunchScreen.storyboard;
			sourceTree = "<group>";
		};
/* End PBXVariantGroup section */

/* Begin XCBuildConfiguration section */
		DCC39F332BFCA8A500A27142 /* Debug */ = {
			isa = XCBuildConfiguration;
			buildSettings = {
				ALWAYS_SEARCH_USER_PATHS = NO;
				ASSETCATALOG_COMPILER_GENERATE_SWIFT_ASSET_SYMBOL_EXTENSIONS = YES;
				CLANG_ANALYZER_NONNULL = YES;
				CLANG_ANALYZER_NUMBER_OBJECT_CONVERSION = YES_AGGRESSIVE;
				CLANG_CXX_LANGUAGE_STANDARD = "gnu++20";
				CLANG_ENABLE_MODULES = YES;
				CLANG_ENABLE_OBJC_ARC = YES;
				CLANG_ENABLE_OBJC_WEAK = YES;
				CLANG_WARN_BLOCK_CAPTURE_AUTORELEASING = YES;
				CLANG_WARN_BOOL_CONVERSION = YES;
				CLANG_WARN_COMMA = YES;
				CLANG_WARN_CONSTANT_CONVERSION = YES;
				CLANG_WARN_DEPRECATED_OBJC_IMPLEMENTATIONS = YES;
				CLANG_WARN_DIRECT_OBJC_ISA_USAGE = YES_ERROR;
				CLANG_WARN_DOCUMENTATION_COMMENTS = YES;
				CLANG_WARN_EMPTY_BODY = YES;
				CLANG_WARN_ENUM_CONVERSION = YES;
				CLANG_WARN_INFINITE_RECURSION = YES;
				CLANG_WARN_INT_CONVERSION = YES;
				CLANG_WARN_NON_LITERAL_NULL_CONVERSION = YES;
				CLANG_WARN_OBJC_IMPLICIT_RETAIN_SELF = YES;
				CLANG_WARN_OBJC_LITERAL_CONVERSION = YES;
				CLANG_WARN_OBJC_ROOT_CLASS = YES_ERROR;
				CLANG_WARN_QUOTED_INCLUDE_IN_FRAMEWORK_HEADER = YES;
				CLANG_WARN_RANGE_LOOP_ANALYSIS = YES;
				CLANG_WARN_STRICT_PROTOTYPES = YES;
				CLANG_WARN_SUSPICIOUS_MOVE = YES;
				CLANG_WARN_UNGUARDED_AVAILABILITY = YES_AGGRESSIVE;
				CLANG_WARN_UNREACHABLE_CODE = YES;
				CLANG_WARN__DUPLICATE_METHOD_MATCH = YES;
				COPY_PHASE_STRIP = NO;
				DEBUG_INFORMATION_FORMAT = dwarf;
				ENABLE_STRICT_OBJC_MSGSEND = YES;
				ENABLE_TESTABILITY = YES;
				ENABLE_USER_SCRIPT_SANDBOXING = YES;
				GCC_C_LANGUAGE_STANDARD = gnu17;
				GCC_DYNAMIC_NO_PIC = NO;
				GCC_NO_COMMON_BLOCKS = YES;
				GCC_OPTIMIZATION_LEVEL = 0;
				GCC_PREPROCESSOR_DEFINITIONS = (
					"DEBUG=1",
					"$(inherited)",
				);
				GCC_WARN_64_TO_32_BIT_CONVERSION = YES;
				GCC_WARN_ABOUT_RETURN_TYPE = YES_ERROR;
				GCC_WARN_UNDECLARED_SELECTOR = YES;
				GCC_WARN_UNINITIALIZED_AUTOS = YES_AGGRESSIVE;
				GCC_WARN_UNUSED_FUNCTION = YES;
				GCC_WARN_UNUSED_VARIABLE = YES;
				IPHONEOS_DEPLOYMENT_TARGET = 17.0;
				LOCALIZATION_PREFERS_STRING_CATALOGS = YES;
				MTL_ENABLE_DEBUG_INFO = INCLUDE_SOURCE;
				MTL_FAST_MATH = YES;
				ONLY_ACTIVE_ARCH = YES;
				SDKROOT = iphoneos;
				SWIFT_ACTIVE_COMPILATION_CONDITIONS = "DEBUG $(inherited)";
				SWIFT_OPTIMIZATION_LEVEL = "-Onone";
			};
			name = Debug;
		};
		DCC39F342BFCA8A500A27142 /* Release */ = {
			isa = XCBuildConfiguration;
			buildSettings = {
				ALWAYS_SEARCH_USER_PATHS = NO;
				ASSETCATALOG_COMPILER_GENERATE_SWIFT_ASSET_SYMBOL_EXTENSIONS = YES;
				CLANG_ANALYZER_NONNULL = YES;
				CLANG_ANALYZER_NUMBER_OBJECT_CONVERSION = YES_AGGRESSIVE;
				CLANG_CXX_LANGUAGE_STANDARD = "gnu++20";
				CLANG_ENABLE_MODULES = YES;
				CLANG_ENABLE_OBJC_ARC = YES;
				CLANG_ENABLE_OBJC_WEAK = YES;
				CLANG_WARN_BLOCK_CAPTURE_AUTORELEASING = YES;
				CLANG_WARN_BOOL_CONVERSION = YES;
				CLANG_WARN_COMMA = YES;
				CLANG_WARN_CONSTANT_CONVERSION = YES;
				CLANG_WARN_DEPRECATED_OBJC_IMPLEMENTATIONS = YES;
				CLANG_WARN_DIRECT_OBJC_ISA_USAGE = YES_ERROR;
				CLANG_WARN_DOCUMENTATION_COMMENTS = YES;
				CLANG_WARN_EMPTY_BODY = YES;
				CLANG_WARN_ENUM_CONVERSION = YES;
				CLANG_WARN_INFINITE_RECURSION = YES;
				CLANG_WARN_INT_CONVERSION = YES;
				CLANG_WARN_NON_LITERAL_NULL_CONVERSION = YES;
				CLANG_WARN_OBJC_IMPLICIT_RETAIN_SELF = YES;
				CLANG_WARN_OBJC_LITERAL_CONVERSION = YES;
				CLANG_WARN_OBJC_ROOT_CLASS = YES_ERROR;
				CLANG_WARN_QUOTED_INCLUDE_IN_FRAMEWORK_HEADER = YES;
				CLANG_WARN_RANGE_LOOP_ANALYSIS = YES;
				CLANG_WARN_STRICT_PROTOTYPES = YES;
				CLANG_WARN_SUSPICIOUS_MOVE = YES;
				CLANG_WARN_UNGUARDED_AVAILABILITY = YES_AGGRESSIVE;
				CLANG_WARN_UNREACHABLE_CODE = YES;
				CLANG_WARN__DUPLICATE_METHOD_MATCH = YES;
				COPY_PHASE_STRIP = NO;
				DEBUG_INFORMATION_FORMAT = "dwarf-with-dsym";
				ENABLE_NS_ASSERTIONS = NO;
				ENABLE_STRICT_OBJC_MSGSEND = YES;
				ENABLE_USER_SCRIPT_SANDBOXING = YES;
				GCC_C_LANGUAGE_STANDARD = gnu17;
				GCC_NO_COMMON_BLOCKS = YES;
				GCC_WARN_64_TO_32_BIT_CONVERSION = YES;
				GCC_WARN_ABOUT_RETURN_TYPE = YES_ERROR;
				GCC_WARN_UNDECLARED_SELECTOR = YES;
				GCC_WARN_UNINITIALIZED_AUTOS = YES_AGGRESSIVE;
				GCC_WARN_UNUSED_FUNCTION = YES;
				GCC_WARN_UNUSED_VARIABLE = YES;
				IPHONEOS_DEPLOYMENT_TARGET = 17.0;
				LOCALIZATION_PREFERS_STRING_CATALOGS = YES;
				MTL_ENABLE_DEBUG_INFO = NO;
				MTL_FAST_MATH = YES;
				SDKROOT = iphoneos;
				SWIFT_COMPILATION_MODE = wholemodule;
				VALIDATE_PRODUCT = YES;
			};
			name = Release;
		};
		DCC39F362BFCA8A500A27142 /* Debug */ = {
			isa = XCBuildConfiguration;
			buildSettings = {
				ASSETCATALOG_COMPILER_APPICON_NAME = AppIcon;
				ASSETCATALOG_COMPILER_GLOBAL_ACCENT_COLOR_NAME = AccentColor;
				CODE_SIGN_STYLE = Automatic;
				CURRENT_PROJECT_VERSION = 1;
				GENERATE_INFOPLIST_FILE = YES;
				INFOPLIST_FILE = "Images App/Info.plist";
				INFOPLIST_KEY_UIApplicationSupportsIndirectInputEvents = YES;
				INFOPLIST_KEY_UILaunchStoryboardName = LaunchScreen;
				INFOPLIST_KEY_UIMainStoryboardFile = Main;
				INFOPLIST_KEY_UISupportedInterfaceOrientations_iPad = "UIInterfaceOrientationPortrait UIInterfaceOrientationPortraitUpsideDown UIInterfaceOrientationLandscapeLeft UIInterfaceOrientationLandscapeRight";
				INFOPLIST_KEY_UISupportedInterfaceOrientations_iPhone = "UIInterfaceOrientationPortrait UIInterfaceOrientationLandscapeLeft UIInterfaceOrientationLandscapeRight";
				LD_RUNPATH_SEARCH_PATHS = (
					"$(inherited)",
					"@executable_path/Frameworks",
				);
				MARKETING_VERSION = 1.0;
				PRODUCT_BUNDLE_IDENTIFIER = "com.nurgali.nuraly.Images-App";
				PRODUCT_NAME = "$(TARGET_NAME)";
				SWIFT_EMIT_LOC_STRINGS = YES;
				SWIFT_VERSION = 5.0;
				TARGETED_DEVICE_FAMILY = "1,2";
			};
			name = Debug;
		};
		DCC39F372BFCA8A500A27142 /* Release */ = {
			isa = XCBuildConfiguration;
			buildSettings = {
				ASSETCATALOG_COMPILER_APPICON_NAME = AppIcon;
				ASSETCATALOG_COMPILER_GLOBAL_ACCENT_COLOR_NAME = AccentColor;
				CODE_SIGN_STYLE = Automatic;
				CURRENT_PROJECT_VERSION = 1;
				GENERATE_INFOPLIST_FILE = YES;
				INFOPLIST_FILE = "Images App/Info.plist";
				INFOPLIST_KEY_UIApplicationSupportsIndirectInputEvents = YES;
				INFOPLIST_KEY_UILaunchStoryboardName = LaunchScreen;
				INFOPLIST_KEY_UIMainStoryboardFile = Main;
				INFOPLIST_KEY_UISupportedInterfaceOrientations_iPad = "UIInterfaceOrientationPortrait UIInterfaceOrientationPortraitUpsideDown UIInterfaceOrientationLandscapeLeft UIInterfaceOrientationLandscapeRight";
				INFOPLIST_KEY_UISupportedInterfaceOrientations_iPhone = "UIInterfaceOrientationPortrait UIInterfaceOrientationLandscapeLeft UIInterfaceOrientationLandscapeRight";
				LD_RUNPATH_SEARCH_PATHS = (
					"$(inherited)",
					"@executable_path/Frameworks",
				);
				MARKETING_VERSION = 1.0;
				PRODUCT_BUNDLE_IDENTIFIER = "com.nurgali.nuraly.Images-App";
				PRODUCT_NAME = "$(TARGET_NAME)";
				SWIFT_EMIT_LOC_STRINGS = YES;
				SWIFT_VERSION = 5.0;
				TARGETED_DEVICE_FAMILY = "1,2";
			};
			name = Release;
		};
/* End XCBuildConfiguration section */

/* Begin XCConfigurationList section */
		DCC39F1C2BFCA8A300A27142 /* Build configuration list for PBXProject "Images App" */ = {
			isa = XCConfigurationList;
			buildConfigurations = (
				DCC39F332BFCA8A500A27142 /* Debug */,
				DCC39F342BFCA8A500A27142 /* Release */,
			);
			defaultConfigurationIsVisible = 0;
			defaultConfigurationName = Release;
		};
		DCC39F352BFCA8A500A27142 /* Build configuration list for PBXNativeTarget "Images App" */ = {
			isa = XCConfigurationList;
			buildConfigurations = (
				DCC39F362BFCA8A500A27142 /* Debug */,
				DCC39F372BFCA8A500A27142 /* Release */,
			);
			defaultConfigurationIsVisible = 0;
			defaultConfigurationName = Release;
		};
/* End XCConfigurationList section */

/* Begin XCRemoteSwiftPackageReference section */
		DCC39F402BFCB5FA00A27142 /* XCRemoteSwiftPackageReference "SDWebImage" */ = {
			isa = XCRemoteSwiftPackageReference;
			repositoryURL = "https://github.com/SDWebImage/SDWebImage.git";
			requirement = {
				kind = upToNextMajorVersion;
				minimumVersion = 5.19.2;
			};
		};
/* End XCRemoteSwiftPackageReference section */

/* Begin XCSwiftPackageProductDependency section */
		DCC39F412BFCB5FA00A27142 /* SDWebImage */ = {
			isa = XCSwiftPackageProductDependency;
			package = DCC39F402BFCB5FA00A27142 /* XCRemoteSwiftPackageReference "SDWebImage" */;
			productName = SDWebImage;
		};
		DCC39F432BFCB5FA00A27142 /* SDWebImageMapKit */ = {
			isa = XCSwiftPackageProductDependency;
			package = DCC39F402BFCB5FA00A27142 /* XCRemoteSwiftPackageReference "SDWebImage" */;
			productName = SDWebImageMapKit;
		};
/* End XCSwiftPackageProductDependency section */
	};
	rootObject = DCC39F192BFCA8A300A27142 /* Project object */;
}
